
Microsoft Visual Studio Solution File, Format Version 12.00
# Visual Studio Version 16
VisualStudioVersion = 16.0.32002.261
MinimumVisualStudioVersion = 10.0.40219.1
Project("{FAE04EC0-301F-11D3-BF4B-00C04F79EFBC}") = "FitgirlReadmeScraper", "FitgirlReadmeScraper.csproj", "{F801C611-F678-4AAD-904D-AE41FD8F82FE}"
EndProject
Global
	GlobalSection(SolutionConfigurationPlatforms) = preSolution
		Debug|Any CPU = Debug|Any CPU
		Release|Any CPU = Release|Any CPU
	EndGlobalSection
	GlobalSection(ProjectConfigurationPlatforms) = postSolution
		{F801C611-F678-4AAD-904D-AE41FD8F82FE}.Debug|Any CPU.ActiveCfg = Debug|Any CPU
		{F801C611-F678-4AAD-904D-AE41FD8F82FE}.Debug|Any CPU.Build.0 = Debug|Any CPU
		{F801C611-F678-4AAD-904D-AE41FD8F82FE}.Release|Any CPU.ActiveCfg = Release|Any CPU
		{F801C611-F678-4AAD-904D-AE41FD8F82FE}.Release|Any CPU.Build.0 = Release|Any CPU
	EndGlobalSection
	GlobalSection(SolutionProperties) = preSolution
		HideSolutionNode = FALSE
	EndGlobalSection
	GlobalSection(ExtensibilityGlobals) = postSolution
		SolutionGuid = {780E8A8C-2628-40EC-A0A0-DBA11F4D7640}
	EndGlobalSection
EndGlobal
